// !$*UTF8*$!
{
	archiveVersion = 1;
	classes = {
	};
	objectVersion = 52;
	objects = {

/* Begin PBXBuildFile section */
		4E0E252C26F73E2300C66F19 /* ConstUIStyle.swift in Sources */ = {isa = PBXBuildFile; fileRef = 4E0E252B26F73E2300C66F19 /* ConstUIStyle.swift */; };
		4E209E0E271C9EFD00B29C27 /* FriendsRequests.swift in Sources */ = {isa = PBXBuildFile; fileRef = 4E209E0D271C9EFD00B29C27 /* FriendsRequests.swift */; };
		4E209E13271CA66300B29C27 /* GroupsRequests.swift in Sources */ = {isa = PBXBuildFile; fileRef = 4E209E12271CA66300B29C27 /* GroupsRequests.swift */; };
		4E209E17271CA7CC00B29C27 /* Group.swift in Sources */ = {isa = PBXBuildFile; fileRef = 4E209E16271CA7CC00B29C27 /* Group.swift */; };
		4E209E19271CC23600B29C27 /* NewsfeedRequests.swift in Sources */ = {isa = PBXBuildFile; fileRef = 4E209E18271CC23600B29C27 /* NewsfeedRequests.swift */; };
		4E209E1B271CC52400B29C27 /* Newsfeed.swift in Sources */ = {isa = PBXBuildFile; fileRef = 4E209E1A271CC52400B29C27 /* Newsfeed.swift */; };
		4E209E1E271CCA9700B29C27 /* SocialActivity.swift in Sources */ = {isa = PBXBuildFile; fileRef = 4E209E1D271CCA9700B29C27 /* SocialActivity.swift */; };
		4E2AED9C273187190036ABC5 /* LikesRequests.swift in Sources */ = {isa = PBXBuildFile; fileRef = 4E2AED9B273187190036ABC5 /* LikesRequests.swift */; };
		4E2AED9F27318FB00036ABC5 /* LikeButtonAndCountView.swift in Sources */ = {isa = PBXBuildFile; fileRef = 4E2AED9E27318FB00036ABC5 /* LikeButtonAndCountView.swift */; };
		4E2AEDA12731DADA0036ABC5 /* SearchAndAddingNewGroup.swift in Sources */ = {isa = PBXBuildFile; fileRef = 4E2AEDA02731DADA0036ABC5 /* SearchAndAddingNewGroup.swift */; };
		4E2AEDA32731DE320036ABC5 /* SearchBur.swift in Sources */ = {isa = PBXBuildFile; fileRef = 4E2AEDA22731DE320036ABC5 /* SearchBur.swift */; };
		4E326892271ADAC6007D962A /* VKAuth.swift in Sources */ = {isa = PBXBuildFile; fileRef = 4E326891271ADAC6007D962A /* VKAuth.swift */; };
		4E326894271AE005007D962A /* SignInWebView.swift in Sources */ = {isa = PBXBuildFile; fileRef = 4E326893271AE005007D962A /* SignInWebView.swift */; };
		4E326896271AE2BB007D962A /* Session.swift in Sources */ = {isa = PBXBuildFile; fileRef = 4E326895271AE2BB007D962A /* Session.swift */; };
		4E326899271AE4D5007D962A /* Keychain.swift in Sources */ = {isa = PBXBuildFile; fileRef = 4E326898271AE4D5007D962A /* Keychain.swift */; };
		4E517FD0270088A20021967F /* SignIn.swift in Sources */ = {isa = PBXBuildFile; fileRef = 4E517FCF270088A20021967F /* SignIn.swift */; };
		4E517FD427008B9A0021967F /* NamesPrototype.swift in Sources */ = {isa = PBXBuildFile; fileRef = 4E517FD327008B9A0021967F /* NamesPrototype.swift */; };
		4E517FD627009AD40021967F /* CircleShadowViewModifier.swift in Sources */ = {isa = PBXBuildFile; fileRef = 4E517FD527009AD40021967F /* CircleShadowViewModifier.swift */; };
		4E517FDB2700A7550021967F /* NewsPrototype.swift in Sources */ = {isa = PBXBuildFile; fileRef = 4E517FDA2700A7550021967F /* NewsPrototype.swift */; };
		4E517FDE2700AB3D0021967F /* SocialActivityPanel.swift in Sources */ = {isa = PBXBuildFile; fileRef = 4E517FDD2700AB3D0021967F /* SocialActivityPanel.swift */; };
		4E517FE12700B33B0021967F /* FriendViewModel.swift in Sources */ = {isa = PBXBuildFile; fileRef = 4E517FE02700B33B0021967F /* FriendViewModel.swift */; };
		4E517FE32700B3E10021967F /* GroupViewModel.swift in Sources */ = {isa = PBXBuildFile; fileRef = 4E517FE22700B3E10021967F /* GroupViewModel.swift */; };
		4E517FE52700B4490021967F /* NamesViewProtocol.swift in Sources */ = {isa = PBXBuildFile; fileRef = 4E517FE42700B4490021967F /* NamesViewProtocol.swift */; };
		4E517FE72700B4B10021967F /* NewsfeedViewModel.swift in Sources */ = {isa = PBXBuildFile; fileRef = 4E517FE62700B4B10021967F /* NewsfeedViewModel.swift */; };
		4E5296012737F00A0088C473 /* CoordinatorProtocol.swift in Sources */ = {isa = PBXBuildFile; fileRef = 4E5296002737F0090088C473 /* CoordinatorProtocol.swift */; };
		4E5296032737F1560088C473 /* AppCoordinator.swift in Sources */ = {isa = PBXBuildFile; fileRef = 4E5296022737F1560088C473 /* AppCoordinator.swift */; };
		4E5F42D5272F146C00DF2A98 /* SDWebImageSwiftUI in Frameworks */ = {isa = PBXBuildFile; productRef = 4E5F42D4272F146C00DF2A98 /* SDWebImageSwiftUI */; };
		4E67161D27132BCB003BD400 /* FriendsTable.swift in Sources */ = {isa = PBXBuildFile; fileRef = 4E67161C27132BCB003BD400 /* FriendsTable.swift */; };
		4E67161F271330A1003BD400 /* MainView.swift in Sources */ = {isa = PBXBuildFile; fileRef = 4E67161E271330A1003BD400 /* MainView.swift */; };
		4E67162227134203003BD400 /* GroupsTable.swift in Sources */ = {isa = PBXBuildFile; fileRef = 4E67162127134203003BD400 /* GroupsTable.swift */; };
		4E67162527134622003BD400 /* NewsTable.swift in Sources */ = {isa = PBXBuildFile; fileRef = 4E67162427134622003BD400 /* NewsTable.swift */; };
		4E675893271E00A00004AA42 /* PhotosRequests.swift in Sources */ = {isa = PBXBuildFile; fileRef = 4E675892271E00A00004AA42 /* PhotosRequests.swift */; };
		4E675895271E06110004AA42 /* PhotoViewModel.swift in Sources */ = {isa = PBXBuildFile; fileRef = 4E675894271E06110004AA42 /* PhotoViewModel.swift */; };
		4E91230C271C5691001E4FBE /* User.swift in Sources */ = {isa = PBXBuildFile; fileRef = 4E91230B271C5691001E4FBE /* User.swift */; };
		4E91230E271C56C2001E4FBE /* NetworkService.swift in Sources */ = {isa = PBXBuildFile; fileRef = 4E91230D271C56C2001E4FBE /* NetworkService.swift */; };
		4E924502271F1FDD001307EF /* PhotoFullScreen.swift in Sources */ = {isa = PBXBuildFile; fileRef = 4E924501271F1FDD001307EF /* PhotoFullScreen.swift */; };
		4EAA58382738356800F2DB18 /* NavigationViewModel.swift in Sources */ = {isa = PBXBuildFile; fileRef = 4EAA58372738356800F2DB18 /* NavigationViewModel.swift */; };
		4ED1AF1927147AF600C72D0E /* FriendPhotosGallery.swift in Sources */ = {isa = PBXBuildFile; fileRef = 4ED1AF1827147AF600C72D0E /* FriendPhotosGallery.swift */; };
		4ED5B949272DEDBA00F88CE6 /* LoadingImageView.swift in Sources */ = {isa = PBXBuildFile; fileRef = 4ED5B948272DEDBA00F88CE6 /* LoadingImageView.swift */; };
		4EF357C2271D886E005C0912 /* Photo.swift in Sources */ = {isa = PBXBuildFile; fileRef = 4EF357C1271D886E005C0912 /* Photo.swift */; };
		4EF4B6E026ECF6E100CB5D09 /* GeekBrains_VK_SwiftUIApp.swift in Sources */ = {isa = PBXBuildFile; fileRef = 4EF4B6DF26ECF6E100CB5D09 /* GeekBrains_VK_SwiftUIApp.swift */; };
		4EF4B6E426ECF6E200CB5D09 /* Assets.xcassets in Resources */ = {isa = PBXBuildFile; fileRef = 4EF4B6E326ECF6E200CB5D09 /* Assets.xcassets */; };
		4EF4B6E726ECF6E200CB5D09 /* Preview Assets.xcassets in Resources */ = {isa = PBXBuildFile; fileRef = 4EF4B6E626ECF6E200CB5D09 /* Preview Assets.xcassets */; };
		4EFAA8FC273BD6C900D5C1F8 /* NavigationItemsForTabBar.swift in Sources */ = {isa = PBXBuildFile; fileRef = 4EFAA8FB273BD6C900D5C1F8 /* NavigationItemsForTabBar.swift */; };
/* End PBXBuildFile section */

/* Begin PBXFileReference section */
		4E0E252B26F73E2300C66F19 /* ConstUIStyle.swift */ = {isa = PBXFileReference; lastKnownFileType = sourcecode.swift; path = ConstUIStyle.swift; sourceTree = "<group>"; };
		4E209E0D271C9EFD00B29C27 /* FriendsRequests.swift */ = {isa = PBXFileReference; lastKnownFileType = sourcecode.swift; path = FriendsRequests.swift; sourceTree = "<group>"; };
		4E209E12271CA66300B29C27 /* GroupsRequests.swift */ = {isa = PBXFileReference; lastKnownFileType = sourcecode.swift; path = GroupsRequests.swift; sourceTree = "<group>"; };
		4E209E16271CA7CC00B29C27 /* Group.swift */ = {isa = PBXFileReference; lastKnownFileType = sourcecode.swift; path = Group.swift; sourceTree = "<group>"; };
		4E209E18271CC23600B29C27 /* NewsfeedRequests.swift */ = {isa = PBXFileReference; lastKnownFileType = sourcecode.swift; path = NewsfeedRequests.swift; sourceTree = "<group>"; };
		4E209E1A271CC52400B29C27 /* Newsfeed.swift */ = {isa = PBXFileReference; lastKnownFileType = sourcecode.swift; path = Newsfeed.swift; sourceTree = "<group>"; };
		4E209E1D271CCA9700B29C27 /* SocialActivity.swift */ = {isa = PBXFileReference; lastKnownFileType = sourcecode.swift; path = SocialActivity.swift; sourceTree = "<group>"; };
		4E2AED9B273187190036ABC5 /* LikesRequests.swift */ = {isa = PBXFileReference; lastKnownFileType = sourcecode.swift; path = LikesRequests.swift; sourceTree = "<group>"; };
		4E2AED9E27318FB00036ABC5 /* LikeButtonAndCountView.swift */ = {isa = PBXFileReference; lastKnownFileType = sourcecode.swift; path = LikeButtonAndCountView.swift; sourceTree = "<group>"; };
		4E2AEDA02731DADA0036ABC5 /* SearchAndAddingNewGroup.swift */ = {isa = PBXFileReference; lastKnownFileType = sourcecode.swift; path = SearchAndAddingNewGroup.swift; sourceTree = "<group>"; };
		4E2AEDA22731DE320036ABC5 /* SearchBur.swift */ = {isa = PBXFileReference; lastKnownFileType = sourcecode.swift; path = SearchBur.swift; sourceTree = "<group>"; };
		4E326891271ADAC6007D962A /* VKAuth.swift */ = {isa = PBXFileReference; lastKnownFileType = sourcecode.swift; path = VKAuth.swift; sourceTree = "<group>"; };
		4E326893271AE005007D962A /* SignInWebView.swift */ = {isa = PBXFileReference; lastKnownFileType = sourcecode.swift; path = SignInWebView.swift; sourceTree = "<group>"; };
		4E326895271AE2BB007D962A /* Session.swift */ = {isa = PBXFileReference; lastKnownFileType = sourcecode.swift; path = Session.swift; sourceTree = "<group>"; };
		4E326898271AE4D5007D962A /* Keychain.swift */ = {isa = PBXFileReference; lastKnownFileType = sourcecode.swift; path = Keychain.swift; sourceTree = "<group>"; };
		4E517FCF270088A20021967F /* SignIn.swift */ = {isa = PBXFileReference; lastKnownFileType = sourcecode.swift; path = SignIn.swift; sourceTree = "<group>"; };
		4E517FD327008B9A0021967F /* NamesPrototype.swift */ = {isa = PBXFileReference; lastKnownFileType = sourcecode.swift; path = NamesPrototype.swift; sourceTree = "<group>"; };
		4E517FD527009AD40021967F /* CircleShadowViewModifier.swift */ = {isa = PBXFileReference; lastKnownFileType = sourcecode.swift; path = CircleShadowViewModifier.swift; sourceTree = "<group>"; };
		4E517FDA2700A7550021967F /* NewsPrototype.swift */ = {isa = PBXFileReference; lastKnownFileType = sourcecode.swift; path = NewsPrototype.swift; sourceTree = "<group>"; };
		4E517FDD2700AB3D0021967F /* SocialActivityPanel.swift */ = {isa = PBXFileReference; lastKnownFileType = sourcecode.swift; path = SocialActivityPanel.swift; sourceTree = "<group>"; };
		4E517FE02700B33B0021967F /* FriendViewModel.swift */ = {isa = PBXFileReference; lastKnownFileType = sourcecode.swift; path = FriendViewModel.swift; sourceTree = "<group>"; };
		4E517FE22700B3E10021967F /* GroupViewModel.swift */ = {isa = PBXFileReference; lastKnownFileType = sourcecode.swift; path = GroupViewModel.swift; sourceTree = "<group>"; };
		4E517FE42700B4490021967F /* NamesViewProtocol.swift */ = {isa = PBXFileReference; lastKnownFileType = sourcecode.swift; path = NamesViewProtocol.swift; sourceTree = "<group>"; };
		4E517FE62700B4B10021967F /* NewsfeedViewModel.swift */ = {isa = PBXFileReference; lastKnownFileType = sourcecode.swift; path = NewsfeedViewModel.swift; sourceTree = "<group>"; };
		4E5296002737F0090088C473 /* CoordinatorProtocol.swift */ = {isa = PBXFileReference; lastKnownFileType = sourcecode.swift; path = CoordinatorProtocol.swift; sourceTree = "<group>"; };
		4E5296022737F1560088C473 /* AppCoordinator.swift */ = {isa = PBXFileReference; lastKnownFileType = sourcecode.swift; path = AppCoordinator.swift; sourceTree = "<group>"; };
		4E67161C27132BCB003BD400 /* FriendsTable.swift */ = {isa = PBXFileReference; lastKnownFileType = sourcecode.swift; path = FriendsTable.swift; sourceTree = "<group>"; };
		4E67161E271330A1003BD400 /* MainView.swift */ = {isa = PBXFileReference; lastKnownFileType = sourcecode.swift; path = MainView.swift; sourceTree = "<group>"; };
		4E67162127134203003BD400 /* GroupsTable.swift */ = {isa = PBXFileReference; lastKnownFileType = sourcecode.swift; path = GroupsTable.swift; sourceTree = "<group>"; };
		4E67162427134622003BD400 /* NewsTable.swift */ = {isa = PBXFileReference; lastKnownFileType = sourcecode.swift; path = NewsTable.swift; sourceTree = "<group>"; };
		4E675892271E00A00004AA42 /* PhotosRequests.swift */ = {isa = PBXFileReference; lastKnownFileType = sourcecode.swift; path = PhotosRequests.swift; sourceTree = "<group>"; };
		4E675894271E06110004AA42 /* PhotoViewModel.swift */ = {isa = PBXFileReference; lastKnownFileType = sourcecode.swift; path = PhotoViewModel.swift; sourceTree = "<group>"; };
		4E91230B271C5691001E4FBE /* User.swift */ = {isa = PBXFileReference; lastKnownFileType = sourcecode.swift; path = User.swift; sourceTree = "<group>"; };
		4E91230D271C56C2001E4FBE /* NetworkService.swift */ = {isa = PBXFileReference; lastKnownFileType = sourcecode.swift; path = NetworkService.swift; sourceTree = "<group>"; };
		4E924501271F1FDD001307EF /* PhotoFullScreen.swift */ = {isa = PBXFileReference; lastKnownFileType = sourcecode.swift; path = PhotoFullScreen.swift; sourceTree = "<group>"; };
		4EAA58372738356800F2DB18 /* NavigationViewModel.swift */ = {isa = PBXFileReference; lastKnownFileType = sourcecode.swift; path = NavigationViewModel.swift; sourceTree = "<group>"; };
		4ED1AF1827147AF600C72D0E /* FriendPhotosGallery.swift */ = {isa = PBXFileReference; lastKnownFileType = sourcecode.swift; path = FriendPhotosGallery.swift; sourceTree = "<group>"; };
		4ED5B948272DEDBA00F88CE6 /* LoadingImageView.swift */ = {isa = PBXFileReference; lastKnownFileType = sourcecode.swift; path = LoadingImageView.swift; sourceTree = "<group>"; };
		4EF357C1271D886E005C0912 /* Photo.swift */ = {isa = PBXFileReference; lastKnownFileType = sourcecode.swift; path = Photo.swift; sourceTree = "<group>"; };
		4EF4B6DC26ECF6E100CB5D09 /* GeekBrains-VK-SwiftUI.app */ = {isa = PBXFileReference; explicitFileType = wrapper.application; includeInIndex = 0; path = "GeekBrains-VK-SwiftUI.app"; sourceTree = BUILT_PRODUCTS_DIR; };
		4EF4B6DF26ECF6E100CB5D09 /* GeekBrains_VK_SwiftUIApp.swift */ = {isa = PBXFileReference; lastKnownFileType = sourcecode.swift; path = GeekBrains_VK_SwiftUIApp.swift; sourceTree = "<group>"; };
		4EF4B6E326ECF6E200CB5D09 /* Assets.xcassets */ = {isa = PBXFileReference; lastKnownFileType = folder.assetcatalog; path = Assets.xcassets; sourceTree = "<group>"; };
		4EF4B6E626ECF6E200CB5D09 /* Preview Assets.xcassets */ = {isa = PBXFileReference; lastKnownFileType = folder.assetcatalog; path = "Preview Assets.xcassets"; sourceTree = "<group>"; };
		4EF4B6E826ECF6E200CB5D09 /* Info.plist */ = {isa = PBXFileReference; lastKnownFileType = text.plist.xml; path = Info.plist; sourceTree = "<group>"; };
		4EFAA8FB273BD6C900D5C1F8 /* NavigationItemsForTabBar.swift */ = {isa = PBXFileReference; lastKnownFileType = sourcecode.swift; path = NavigationItemsForTabBar.swift; sourceTree = "<group>"; };
/* End PBXFileReference section */

/* Begin PBXFrameworksBuildPhase section */
		4EF4B6D926ECF6E100CB5D09 /* Frameworks */ = {
			isa = PBXFrameworksBuildPhase;
			buildActionMask = 2147483647;
			files = (
				4E5F42D5272F146C00DF2A98 /* SDWebImageSwiftUI in Frameworks */,
			);
			runOnlyForDeploymentPostprocessing = 0;
		};
/* End PBXFrameworksBuildPhase section */

/* Begin PBXGroup section */
		4E209E0B271C9D3400B29C27 /* Friend */ = {
			isa = PBXGroup;
			children = (
				4E91230B271C5691001E4FBE /* User.swift */,
				4E517FE02700B33B0021967F /* FriendViewModel.swift */,
			);
			path = Friend;
			sourceTree = "<group>";
		};
		4E209E0C271C9D6100B29C27 /* View */ = {
			isa = PBXGroup;
			children = (
				4E517FDC2700AAA50021967F /* ViewModifier */,
				4E517FCE270088330021967F /* SignIn */,
				4E67161B27132B78003BD400 /* Friends */,
				4E671620271341D0003BD400 /* Groups */,
				4E67162327134605003BD400 /* Newsfeed */,
				4E67588F271DD34A0004AA42 /* Photos */,
				4E517FD127008B0C0021967F /* Prototypes */,
				4E67161E271330A1003BD400 /* MainView.swift */,
			);
			path = View;
			sourceTree = "<group>";
		};
		4E209E14271CA78200B29C27 /* Group */ = {
			isa = PBXGroup;
			children = (
				4E209E16271CA7CC00B29C27 /* Group.swift */,
				4E517FE22700B3E10021967F /* GroupViewModel.swift */,
			);
			path = Group;
			sourceTree = "<group>";
		};
		4E209E15271CA7A600B29C27 /* Newsfeed */ = {
			isa = PBXGroup;
			children = (
				4E209E1A271CC52400B29C27 /* Newsfeed.swift */,
				4E517FE62700B4B10021967F /* NewsfeedViewModel.swift */,
			);
			path = Newsfeed;
			sourceTree = "<group>";
		};
		4E209E1C271CCA8400B29C27 /* Social Activity */ = {
			isa = PBXGroup;
			children = (
				4E209E1D271CCA9700B29C27 /* SocialActivity.swift */,
			);
			path = "Social Activity";
			sourceTree = "<group>";
		};
		4E2AED9D27318F770036ABC5 /* SocialActivity */ = {
			isa = PBXGroup;
			children = (
				4E517FDD2700AB3D0021967F /* SocialActivityPanel.swift */,
				4E2AED9E27318FB00036ABC5 /* LikeButtonAndCountView.swift */,
			);
			path = SocialActivity;
			sourceTree = "<group>";
		};
		4E326890271ADA67007D962A /* Network */ = {
			isa = PBXGroup;
			children = (
				4EE757E0271DC5E80062CF82 /* Details */,
				4E326895271AE2BB007D962A /* Session.swift */,
				4E91230D271C56C2001E4FBE /* NetworkService.swift */,
				4E326891271ADAC6007D962A /* VKAuth.swift */,
			);
			path = Network;
			sourceTree = "<group>";
		};
		4E326897271AE490007D962A /* Services */ = {
			isa = PBXGroup;
			children = (
				4E326890271ADA67007D962A /* Network */,
				4E326898271AE4D5007D962A /* Keychain.swift */,
			);
			path = Services;
			sourceTree = "<group>";
		};
		4E517FCE270088330021967F /* SignIn */ = {
			isa = PBXGroup;
			children = (
				4E517FCF270088A20021967F /* SignIn.swift */,
				4E326893271AE005007D962A /* SignInWebView.swift */,
			);
			path = SignIn;
			sourceTree = "<group>";
		};
		4E517FD127008B0C0021967F /* Prototypes */ = {
			isa = PBXGroup;
			children = (
				4E2AED9D27318F770036ABC5 /* SocialActivity */,
				4E517FD327008B9A0021967F /* NamesPrototype.swift */,
				4ED5B948272DEDBA00F88CE6 /* LoadingImageView.swift */,
				4E2AEDA22731DE320036ABC5 /* SearchBur.swift */,
			);
			path = Prototypes;
			sourceTree = "<group>";
		};
		4E517FD227008B350021967F /* Style */ = {
			isa = PBXGroup;
			children = (
				4E0E252B26F73E2300C66F19 /* ConstUIStyle.swift */,
			);
			path = Style;
			sourceTree = "<group>";
		};
		4E517FDC2700AAA50021967F /* ViewModifier */ = {
			isa = PBXGroup;
			children = (
				4E517FD527009AD40021967F /* CircleShadowViewModifier.swift */,
				4EFAA8FB273BD6C900D5C1F8 /* NavigationItemsForTabBar.swift */,
			);
			path = ViewModifier;
			sourceTree = "<group>";
		};
		4E517FDF2700B2FD0021967F /* Model */ = {
			isa = PBXGroup;
			children = (
				4E209E1C271CCA8400B29C27 /* Social Activity */,
				4E209E0B271C9D3400B29C27 /* Friend */,
				4E209E14271CA78200B29C27 /* Group */,
				4E209E15271CA7A600B29C27 /* Newsfeed */,
				4EF357C0271D8850005C0912 /* Photos */,
				4E517FE42700B4490021967F /* NamesViewProtocol.swift */,
			);
			path = Model;
			sourceTree = "<group>";
		};
		4E5295FF2737EFD10088C473 /* Navigation */ = {
			isa = PBXGroup;
			children = (
				4EAA58362738354B00F2DB18 /* Model */,
				4E5296002737F0090088C473 /* CoordinatorProtocol.swift */,
				4E5296022737F1560088C473 /* AppCoordinator.swift */,
			);
			path = Navigation;
			sourceTree = "<group>";
		};
		4E67161B27132B78003BD400 /* Friends */ = {
			isa = PBXGroup;
			children = (
				4E67161C27132BCB003BD400 /* FriendsTable.swift */,
				4ED1AF1827147AF600C72D0E /* FriendPhotosGallery.swift */,
			);
			path = Friends;
			sourceTree = "<group>";
		};
		4E671620271341D0003BD400 /* Groups */ = {
			isa = PBXGroup;
			children = (
				4E67162127134203003BD400 /* GroupsTable.swift */,
				4E2AEDA02731DADA0036ABC5 /* SearchAndAddingNewGroup.swift */,
			);
			path = Groups;
			sourceTree = "<group>";
		};
		4E67162327134605003BD400 /* Newsfeed */ = {
			isa = PBXGroup;
			children = (
				4E67162427134622003BD400 /* NewsTable.swift */,
				4E517FDA2700A7550021967F /* NewsPrototype.swift */,
			);
			path = Newsfeed;
			sourceTree = "<group>";
		};
		4E67588F271DD34A0004AA42 /* Photos */ = {
			isa = PBXGroup;
			children = (
				4E924501271F1FDD001307EF /* PhotoFullScreen.swift */,
			);
			path = Photos;
			sourceTree = "<group>";
		};
		4EAA58362738354B00F2DB18 /* Model */ = {
			isa = PBXGroup;
			children = (
				4EAA58372738356800F2DB18 /* NavigationViewModel.swift */,
			);
			path = Model;
			sourceTree = "<group>";
		};
		4EE757E0271DC5E80062CF82 /* Details */ = {
			isa = PBXGroup;
			children = (
				4E209E0D271C9EFD00B29C27 /* FriendsRequests.swift */,
				4E209E12271CA66300B29C27 /* GroupsRequests.swift */,
				4E209E18271CC23600B29C27 /* NewsfeedRequests.swift */,
				4E675892271E00A00004AA42 /* PhotosRequests.swift */,
				4E2AED9B273187190036ABC5 /* LikesRequests.swift */,
			);
			path = Details;
			sourceTree = "<group>";
		};
		4EF357C0271D8850005C0912 /* Photos */ = {
			isa = PBXGroup;
			children = (
				4EF357C1271D886E005C0912 /* Photo.swift */,
				4E675894271E06110004AA42 /* PhotoViewModel.swift */,
			);
			path = Photos;
			sourceTree = "<group>";
		};
		4EF4B6D326ECF6E100CB5D09 = {
			isa = PBXGroup;
			children = (
				4EF4B6DE26ECF6E100CB5D09 /* GeekBrains-VK-SwiftUI */,
				4EF4B6DD26ECF6E100CB5D09 /* Products */,
			);
			sourceTree = "<group>";
		};
		4EF4B6DD26ECF6E100CB5D09 /* Products */ = {
			isa = PBXGroup;
			children = (
				4EF4B6DC26ECF6E100CB5D09 /* GeekBrains-VK-SwiftUI.app */,
			);
			name = Products;
			sourceTree = "<group>";
		};
		4EF4B6DE26ECF6E100CB5D09 /* GeekBrains-VK-SwiftUI */ = {
			isa = PBXGroup;
			children = (
				4E5295FF2737EFD10088C473 /* Navigation */,
				4E326897271AE490007D962A /* Services */,
				4E517FDF2700B2FD0021967F /* Model */,
				4E517FD227008B350021967F /* Style */,
				4E209E0C271C9D6100B29C27 /* View */,
				4EF4B6DF26ECF6E100CB5D09 /* GeekBrains_VK_SwiftUIApp.swift */,
				4EF4B6E326ECF6E200CB5D09 /* Assets.xcassets */,
				4EF4B6E826ECF6E200CB5D09 /* Info.plist */,
				4EF4B6E526ECF6E200CB5D09 /* Preview Content */,
			);
			path = "GeekBrains-VK-SwiftUI";
			sourceTree = "<group>";
		};
		4EF4B6E526ECF6E200CB5D09 /* Preview Content */ = {
			isa = PBXGroup;
			children = (
				4EF4B6E626ECF6E200CB5D09 /* Preview Assets.xcassets */,
			);
			path = "Preview Content";
			sourceTree = "<group>";
		};
/* End PBXGroup section */

/* Begin PBXNativeTarget section */
		4EF4B6DB26ECF6E100CB5D09 /* GeekBrains-VK-SwiftUI */ = {
			isa = PBXNativeTarget;
			buildConfigurationList = 4EF4B6EB26ECF6E200CB5D09 /* Build configuration list for PBXNativeTarget "GeekBrains-VK-SwiftUI" */;
			buildPhases = (
				4EF4B6D826ECF6E100CB5D09 /* Sources */,
				4EF4B6D926ECF6E100CB5D09 /* Frameworks */,
				4EF4B6DA26ECF6E100CB5D09 /* Resources */,
			);
			buildRules = (
			);
			dependencies = (
			);
			name = "GeekBrains-VK-SwiftUI";
			packageProductDependencies = (
				4E5F42D4272F146C00DF2A98 /* SDWebImageSwiftUI */,
			);
			productName = "GeekBrains-VK-SwiftUI";
			productReference = 4EF4B6DC26ECF6E100CB5D09 /* GeekBrains-VK-SwiftUI.app */;
			productType = "com.apple.product-type.application";
		};
/* End PBXNativeTarget section */

/* Begin PBXProject section */
		4EF4B6D426ECF6E100CB5D09 /* Project object */ = {
			isa = PBXProject;
			attributes = {
				LastSwiftUpdateCheck = 1250;
				LastUpgradeCheck = 1250;
				TargetAttributes = {
					4EF4B6DB26ECF6E100CB5D09 = {
						CreatedOnToolsVersion = 12.5.1;
					};
				};
			};
			buildConfigurationList = 4EF4B6D726ECF6E100CB5D09 /* Build configuration list for PBXProject "GeekBrains-VK-SwiftUI" */;
			compatibilityVersion = "Xcode 9.3";
			developmentRegion = en;
			hasScannedForEncodings = 0;
			knownRegions = (
				en,
				Base,
			);
			mainGroup = 4EF4B6D326ECF6E100CB5D09;
			packageReferences = (
				4E5F42D3272F146C00DF2A98 /* XCRemoteSwiftPackageReference "SDWebImageSwiftUI" */,
			);
			productRefGroup = 4EF4B6DD26ECF6E100CB5D09 /* Products */;
			projectDirPath = "";
			projectRoot = "";
			targets = (
				4EF4B6DB26ECF6E100CB5D09 /* GeekBrains-VK-SwiftUI */,
			);
		};
/* End PBXProject section */

/* Begin PBXResourcesBuildPhase section */
		4EF4B6DA26ECF6E100CB5D09 /* Resources */ = {
			isa = PBXResourcesBuildPhase;
			buildActionMask = 2147483647;
			files = (
				4EF4B6E726ECF6E200CB5D09 /* Preview Assets.xcassets in Resources */,
				4EF4B6E426ECF6E200CB5D09 /* Assets.xcassets in Resources */,
			);
			runOnlyForDeploymentPostprocessing = 0;
		};
/* End PBXResourcesBuildPhase section */

/* Begin PBXSourcesBuildPhase section */
		4EF4B6D826ECF6E100CB5D09 /* Sources */ = {
			isa = PBXSourcesBuildPhase;
			buildActionMask = 2147483647;
			files = (
				4E326896271AE2BB007D962A /* Session.swift in Sources */,
				4E675895271E06110004AA42 /* PhotoViewModel.swift in Sources */,
				4E2AED9F27318FB00036ABC5 /* LikeButtonAndCountView.swift in Sources */,
				4E91230E271C56C2001E4FBE /* NetworkService.swift in Sources */,
				4E67161F271330A1003BD400 /* MainView.swift in Sources */,
				4E517FD427008B9A0021967F /* NamesPrototype.swift in Sources */,
				4E517FE12700B33B0021967F /* FriendViewModel.swift in Sources */,
				4EAA58382738356800F2DB18 /* NavigationViewModel.swift in Sources */,
				4EF4B6E026ECF6E100CB5D09 /* GeekBrains_VK_SwiftUIApp.swift in Sources */,
				4E209E0E271C9EFD00B29C27 /* FriendsRequests.swift in Sources */,
				4E675893271E00A00004AA42 /* PhotosRequests.swift in Sources */,
				4E517FE32700B3E10021967F /* GroupViewModel.swift in Sources */,
				4E5296032737F1560088C473 /* AppCoordinator.swift in Sources */,
				4E0E252C26F73E2300C66F19 /* ConstUIStyle.swift in Sources */,
				4E517FE52700B4490021967F /* NamesViewProtocol.swift in Sources */,
				4E517FE72700B4B10021967F /* NewsfeedViewModel.swift in Sources */,
				4E91230C271C5691001E4FBE /* User.swift in Sources */,
				4E67162227134203003BD400 /* GroupsTable.swift in Sources */,
				4E209E1B271CC52400B29C27 /* Newsfeed.swift in Sources */,
				4E517FDE2700AB3D0021967F /* SocialActivityPanel.swift in Sources */,
				4E517FD0270088A20021967F /* SignIn.swift in Sources */,
				4E5296012737F00A0088C473 /* CoordinatorProtocol.swift in Sources */,
				4E209E1E271CCA9700B29C27 /* SocialActivity.swift in Sources */,
				4E2AEDA32731DE320036ABC5 /* SearchBur.swift in Sources */,
				4E2AED9C273187190036ABC5 /* LikesRequests.swift in Sources */,
				4EF357C2271D886E005C0912 /* Photo.swift in Sources */,
				4E517FD627009AD40021967F /* CircleShadowViewModifier.swift in Sources */,
				4E517FDB2700A7550021967F /* NewsPrototype.swift in Sources */,
				4E209E13271CA66300B29C27 /* GroupsRequests.swift in Sources */,
				4E209E17271CA7CC00B29C27 /* Group.swift in Sources */,
				4E326892271ADAC6007D962A /* VKAuth.swift in Sources */,
				4E924502271F1FDD001307EF /* PhotoFullScreen.swift in Sources */,
				4E209E19271CC23600B29C27 /* NewsfeedRequests.swift in Sources */,
				4E326894271AE005007D962A /* SignInWebView.swift in Sources */,
				4ED1AF1927147AF600C72D0E /* FriendPhotosGallery.swift in Sources */,
				4E67161D27132BCB003BD400 /* FriendsTable.swift in Sources */,
				4E2AEDA12731DADA0036ABC5 /* SearchAndAddingNewGroup.swift in Sources */,
				4ED5B949272DEDBA00F88CE6 /* LoadingImageView.swift in Sources */,
				4EFAA8FC273BD6C900D5C1F8 /* NavigationItemsForTabBar.swift in Sources */,
				4E67162527134622003BD400 /* NewsTable.swift in Sources */,
				4E326899271AE4D5007D962A /* Keychain.swift in Sources */,
			);
			runOnlyForDeploymentPostprocessing = 0;
		};
/* End PBXSourcesBuildPhase section */

/* Begin XCBuildConfiguration section */
		4EF4B6E926ECF6E200CB5D09 /* Debug */ = {
			isa = XCBuildConfiguration;
			buildSettings = {
				ALWAYS_SEARCH_USER_PATHS = NO;
				CLANG_ANALYZER_NONNULL = YES;
				CLANG_ANALYZER_NUMBER_OBJECT_CONVERSION = YES_AGGRESSIVE;
				CLANG_CXX_LANGUAGE_STANDARD = "gnu++14";
				CLANG_CXX_LIBRARY = "libc++";
				CLANG_ENABLE_MODULES = YES;
				CLANG_ENABLE_OBJC_ARC = YES;
				CLANG_ENABLE_OBJC_WEAK = YES;
				CLANG_WARN_BLOCK_CAPTURE_AUTORELEASING = YES;
				CLANG_WARN_BOOL_CONVERSION = YES;
				CLANG_WARN_COMMA = YES;
				CLANG_WARN_CONSTANT_CONVERSION = YES;
				CLANG_WARN_DEPRECATED_OBJC_IMPLEMENTATIONS = YES;
				CLANG_WARN_DIRECT_OBJC_ISA_USAGE = YES_ERROR;
				CLANG_WARN_DOCUMENTATION_COMMENTS = YES;
				CLANG_WARN_EMPTY_BODY = YES;
				CLANG_WARN_ENUM_CONVERSION = YES;
				CLANG_WARN_INFINITE_RECURSION = YES;
				CLANG_WARN_INT_CONVERSION = YES;
				CLANG_WARN_NON_LITERAL_NULL_CONVERSION = YES;
				CLANG_WARN_OBJC_IMPLICIT_RETAIN_SELF = YES;
				CLANG_WARN_OBJC_LITERAL_CONVERSION = YES;
				CLANG_WARN_OBJC_ROOT_CLASS = YES_ERROR;
				CLANG_WARN_QUOTED_INCLUDE_IN_FRAMEWORK_HEADER = YES;
				CLANG_WARN_RANGE_LOOP_ANALYSIS = YES;
				CLANG_WARN_STRICT_PROTOTYPES = YES;
				CLANG_WARN_SUSPICIOUS_MOVE = YES;
				CLANG_WARN_UNGUARDED_AVAILABILITY = YES_AGGRESSIVE;
				CLANG_WARN_UNREACHABLE_CODE = YES;
				CLANG_WARN__DUPLICATE_METHOD_MATCH = YES;
				COPY_PHASE_STRIP = NO;
				DEBUG_INFORMATION_FORMAT = dwarf;
				ENABLE_STRICT_OBJC_MSGSEND = YES;
				ENABLE_TESTABILITY = YES;
				GCC_C_LANGUAGE_STANDARD = gnu11;
				GCC_DYNAMIC_NO_PIC = NO;
				GCC_NO_COMMON_BLOCKS = YES;
				GCC_OPTIMIZATION_LEVEL = 0;
				GCC_PREPROCESSOR_DEFINITIONS = (
					"DEBUG=1",
					"$(inherited)",
				);
				GCC_WARN_64_TO_32_BIT_CONVERSION = YES;
				GCC_WARN_ABOUT_RETURN_TYPE = YES_ERROR;
				GCC_WARN_UNDECLARED_SELECTOR = YES;
				GCC_WARN_UNINITIALIZED_AUTOS = YES_AGGRESSIVE;
				GCC_WARN_UNUSED_FUNCTION = YES;
				GCC_WARN_UNUSED_VARIABLE = YES;
				IPHONEOS_DEPLOYMENT_TARGET = 14.5;
				MTL_ENABLE_DEBUG_INFO = INCLUDE_SOURCE;
				MTL_FAST_MATH = YES;
				ONLY_ACTIVE_ARCH = YES;
				SDKROOT = iphoneos;
				SWIFT_ACTIVE_COMPILATION_CONDITIONS = DEBUG;
				SWIFT_OPTIMIZATION_LEVEL = "-Onone";
			};
			name = Debug;
		};
		4EF4B6EA26ECF6E200CB5D09 /* Release */ = {
			isa = XCBuildConfiguration;
			buildSettings = {
				ALWAYS_SEARCH_USER_PATHS = NO;
				CLANG_ANALYZER_NONNULL = YES;
				CLANG_ANALYZER_NUMBER_OBJECT_CONVERSION = YES_AGGRESSIVE;
				CLANG_CXX_LANGUAGE_STANDARD = "gnu++14";
				CLANG_CXX_LIBRARY = "libc++";
				CLANG_ENABLE_MODULES = YES;
				CLANG_ENABLE_OBJC_ARC = YES;
				CLANG_ENABLE_OBJC_WEAK = YES;
				CLANG_WARN_BLOCK_CAPTURE_AUTORELEASING = YES;
				CLANG_WARN_BOOL_CONVERSION = YES;
				CLANG_WARN_COMMA = YES;
				CLANG_WARN_CONSTANT_CONVERSION = YES;
				CLANG_WARN_DEPRECATED_OBJC_IMPLEMENTATIONS = YES;
				CLANG_WARN_DIRECT_OBJC_ISA_USAGE = YES_ERROR;
				CLANG_WARN_DOCUMENTATION_COMMENTS = YES;
				CLANG_WARN_EMPTY_BODY = YES;
				CLANG_WARN_ENUM_CONVERSION = YES;
				CLANG_WARN_INFINITE_RECURSION = YES;
				CLANG_WARN_INT_CONVERSION = YES;
				CLANG_WARN_NON_LITERAL_NULL_CONVERSION = YES;
				CLANG_WARN_OBJC_IMPLICIT_RETAIN_SELF = YES;
				CLANG_WARN_OBJC_LITERAL_CONVERSION = YES;
				CLANG_WARN_OBJC_ROOT_CLASS = YES_ERROR;
				CLANG_WARN_QUOTED_INCLUDE_IN_FRAMEWORK_HEADER = YES;
				CLANG_WARN_RANGE_LOOP_ANALYSIS = YES;
				CLANG_WARN_STRICT_PROTOTYPES = YES;
				CLANG_WARN_SUSPICIOUS_MOVE = YES;
				CLANG_WARN_UNGUARDED_AVAILABILITY = YES_AGGRESSIVE;
				CLANG_WARN_UNREACHABLE_CODE = YES;
				CLANG_WARN__DUPLICATE_METHOD_MATCH = YES;
				COPY_PHASE_STRIP = NO;
				DEBUG_INFORMATION_FORMAT = "dwarf-with-dsym";
				ENABLE_NS_ASSERTIONS = NO;
				ENABLE_STRICT_OBJC_MSGSEND = YES;
				GCC_C_LANGUAGE_STANDARD = gnu11;
				GCC_NO_COMMON_BLOCKS = YES;
				GCC_WARN_64_TO_32_BIT_CONVERSION = YES;
				GCC_WARN_ABOUT_RETURN_TYPE = YES_ERROR;
				GCC_WARN_UNDECLARED_SELECTOR = YES;
				GCC_WARN_UNINITIALIZED_AUTOS = YES_AGGRESSIVE;
				GCC_WARN_UNUSED_FUNCTION = YES;
				GCC_WARN_UNUSED_VARIABLE = YES;
				IPHONEOS_DEPLOYMENT_TARGET = 14.5;
				MTL_ENABLE_DEBUG_INFO = NO;
				MTL_FAST_MATH = YES;
				SDKROOT = iphoneos;
				SWIFT_COMPILATION_MODE = wholemodule;
				SWIFT_OPTIMIZATION_LEVEL = "-O";
				VALIDATE_PRODUCT = YES;
			};
			name = Release;
		};
		4EF4B6EC26ECF6E200CB5D09 /* Debug */ = {
			isa = XCBuildConfiguration;
			buildSettings = {
				ASSETCATALOG_COMPILER_APPICON_NAME = AppIcon;
				ASSETCATALOG_COMPILER_GLOBAL_ACCENT_COLOR_NAME = AccentColor;
				CODE_SIGN_STYLE = Automatic;
				DEVELOPMENT_ASSET_PATHS = "\"GeekBrains-VK-SwiftUI/Preview Content\"";
				DEVELOPMENT_TEAM = 8532FW2M88;
				ENABLE_PREVIEWS = YES;
				INFOPLIST_FILE = "GeekBrains-VK-SwiftUI/Info.plist";
				IPHONEOS_DEPLOYMENT_TARGET = 14.0;
				LD_RUNPATH_SEARCH_PATHS = (
					"$(inherited)",
					"@executable_path/Frameworks",
				);
				PRODUCT_BUNDLE_IDENTIFIER = "non.GeekBrains-VK-SwiftUI";
				PRODUCT_NAME = "$(TARGET_NAME)";
				SWIFT_VERSION = 5.0;
				TARGETED_DEVICE_FAMILY = "1,2";
			};
			name = Debug;
		};
		4EF4B6ED26ECF6E200CB5D09 /* Release */ = {
			isa = XCBuildConfiguration;
			buildSettings = {
				ASSETCATALOG_COMPILER_APPICON_NAME = AppIcon;
				ASSETCATALOG_COMPILER_GLOBAL_ACCENT_COLOR_NAME = AccentColor;
				CODE_SIGN_STYLE = Automatic;
				DEVELOPMENT_ASSET_PATHS = "\"GeekBrains-VK-SwiftUI/Preview Content\"";
				DEVELOPMENT_TEAM = 8532FW2M88;
				ENABLE_PREVIEWS = YES;
				INFOPLIST_FILE = "GeekBrains-VK-SwiftUI/Info.plist";
				IPHONEOS_DEPLOYMENT_TARGET = 14.0;
				LD_RUNPATH_SEARCH_PATHS = (
					"$(inherited)",
					"@executable_path/Frameworks",
				);
				PRODUCT_BUNDLE_IDENTIFIER = "non.GeekBrains-VK-SwiftUI";
				PRODUCT_NAME = "$(TARGET_NAME)";
				SWIFT_VERSION = 5.0;
				TARGETED_DEVICE_FAMILY = "1,2";
			};
			name = Release;
		};
/* End XCBuildConfiguration section */

/* Begin XCConfigurationList section */
		4EF4B6D726ECF6E100CB5D09 /* Build configuration list for PBXProject "GeekBrains-VK-SwiftUI" */ = {
			isa = XCConfigurationList;
			buildConfigurations = (
				4EF4B6E926ECF6E200CB5D09 /* Debug */,
				4EF4B6EA26ECF6E200CB5D09 /* Release */,
			);
			defaultConfigurationIsVisible = 0;
			defaultConfigurationName = Release;
		};
		4EF4B6EB26ECF6E200CB5D09 /* Build configuration list for PBXNativeTarget "GeekBrains-VK-SwiftUI" */ = {
			isa = XCConfigurationList;
			buildConfigurations = (
				4EF4B6EC26ECF6E200CB5D09 /* Debug */,
				4EF4B6ED26ECF6E200CB5D09 /* Release */,
			);
			defaultConfigurationIsVisible = 0;
			defaultConfigurationName = Release;
		};
/* End XCConfigurationList section */

/* Begin XCRemoteSwiftPackageReference section */
		4E5F42D3272F146C00DF2A98 /* XCRemoteSwiftPackageReference "SDWebImageSwiftUI" */ = {
			isa = XCRemoteSwiftPackageReference;
			repositoryURL = "https://github.com/SDWebImage/SDWebImageSwiftUI";
			requirement = {
				kind = upToNextMajorVersion;
				minimumVersion = 2.0.2;
			};
		};
/* End XCRemoteSwiftPackageReference section */

/* Begin XCSwiftPackageProductDependency section */
		4E5F42D4272F146C00DF2A98 /* SDWebImageSwiftUI */ = {
			isa = XCSwiftPackageProductDependency;
			package = 4E5F42D3272F146C00DF2A98 /* XCRemoteSwiftPackageReference "SDWebImageSwiftUI" */;
			productName = SDWebImageSwiftUI;
		};
/* End XCSwiftPackageProductDependency section */
	};
	rootObject = 4EF4B6D426ECF6E100CB5D09 /* Project object */;
}
